
Microsoft Visual Studio Solution File, Format Version 12.00
# Visual Studio 15
VisualStudioVersion = 15.0.28307.421
MinimumVisualStudioVersion = 10.0.40219.1
Project("{FAE04EC0-301F-11D3-BF4B-00C04F79EFBC}") = "C1XfFlexGrid.Android", "C1XfFlexGrid\C1XfFlexGrid.Android\C1XfFlexGrid.Android.csproj", "{39264395-2BD7-40E4-9663-A84B6636376E}"
EndProject
Project("{FAE04EC0-301F-11D3-BF4B-00C04F79EFBC}") = "C1XfFlexGrid.iOS", "C1XfFlexGrid\C1XfFlexGrid.iOS\C1XfFlexGrid.iOS.csproj", "{22B65ADE-73F3-4A83-8333-C79D789FEED6}"
EndProject
Project("{FAE04EC0-301F-11D3-BF4B-00C04F79EFBC}") = "C1XfFlexGrid.UWP", "C1XfFlexGrid\C1XfFlexGrid.UWP\C1XfFlexGrid.UWP.csproj", "{55007616-DDF3-40CB-AC21-07277B27EFCB}"
EndProject
Project("{FAE04EC0-301F-11D3-BF4B-00C04F79EFBC}") = "C1XfFlexGrid", "C1XfFlexGrid\C1XfFlexGrid\C1XfFlexGrid.csproj", "{0302FEBE-33C3-4E8E-BE59-F5893328CF8B}"
EndProject
Project("{FAE04EC0-301F-11D3-BF4B-00C04F79EFBC}") = "EFCoreClassLibrary", "EFCoreClassLibrary\EFCoreClassLibrary.csproj", "{5B937014-A01B-437C-B11E-9E5E717B227F}"
EndProject
Global
	GlobalSection(SolutionConfigurationPlatforms) = preSolution
		Ad-Hoc|Any CPU = Ad-Hoc|Any CPU
		Ad-Hoc|ARM = Ad-Hoc|ARM
		Ad-Hoc|iPhone = Ad-Hoc|iPhone
		Ad-Hoc|iPhoneSimulator = Ad-Hoc|iPhoneSimulator
		Ad-Hoc|x64 = Ad-Hoc|x64
		Ad-Hoc|x86 = Ad-Hoc|x86
		AppStore|Any CPU = AppStore|Any CPU
		AppStore|ARM = AppStore|ARM
		AppStore|iPhone = AppStore|iPhone
		AppStore|iPhoneSimulator = AppStore|iPhoneSimulator
		AppStore|x64 = AppStore|x64
		AppStore|x86 = AppStore|x86
		Debug|Any CPU = Debug|Any CPU
		Debug|ARM = Debug|ARM
		Debug|iPhone = Debug|iPhone
		Debug|iPhoneSimulator = Debug|iPhoneSimulator
		Debug|x64 = Debug|x64
		Debug|x86 = Debug|x86
		Release|Any CPU = Release|Any CPU
		Release|ARM = Release|ARM
		Release|iPhone = Release|iPhone
		Release|iPhoneSimulator = Release|iPhoneSimulator
		Release|x64 = Release|x64
		Release|x86 = Release|x86
	EndGlobalSection
	GlobalSection(ProjectConfigurationPlatforms) = postSolution
		{39264395-2BD7-40E4-9663-A84B6636376E}.Ad-Hoc|Any CPU.ActiveCfg = Release|Any CPU
		{39264395-2BD7-40E4-9663-A84B6636376E}.Ad-Hoc|Any CPU.Build.0 = Release|Any CPU
		{39264395-2BD7-40E4-9663-A84B6636376E}.Ad-Hoc|Any CPU.Deploy.0 = Release|Any CPU
		{39264395-2BD7-40E4-9663-A84B6636376E}.Ad-Hoc|ARM.ActiveCfg = Release|Any CPU
		{39264395-2BD7-40E4-9663-A84B6636376E}.Ad-Hoc|ARM.Build.0 = Release|Any CPU
		{39264395-2BD7-40E4-9663-A84B6636376E}.Ad-Hoc|ARM.Deploy.0 = Release|Any CPU
		{39264395-2BD7-40E4-9663-A84B6636376E}.Ad-Hoc|iPhone.ActiveCfg = Release|Any CPU
		{39264395-2BD7-40E4-9663-A84B6636376E}.Ad-Hoc|iPhone.Build.0 = Release|Any CPU
		{39264395-2BD7-40E4-9663-A84B6636376E}.Ad-Hoc|iPhone.Deploy.0 = Release|Any CPU
		{39264395-2BD7-40E4-9663-A84B6636376E}.Ad-Hoc|iPhoneSimulator.ActiveCfg = Release|Any CPU
		{39264395-2BD7-40E4-9663-A84B6636376E}.Ad-Hoc|iPhoneSimulator.Build.0 = Release|Any CPU
		{39264395-2BD7-40E4-9663-A84B6636376E}.Ad-Hoc|iPhoneSimulator.Deploy.0 = Release|Any CPU
		{39264395-2BD7-40E4-9663-A84B6636376E}.Ad-Hoc|x64.ActiveCfg = Release|Any CPU
		{39264395-2BD7-40E4-9663-A84B6636376E}.Ad-Hoc|x64.Build.0 = Release|Any CPU
		{39264395-2BD7-40E4-9663-A84B6636376E}.Ad-Hoc|x64.Deploy.0 = Release|Any CPU
		{39264395-2BD7-40E4-9663-A84B6636376E}.Ad-Hoc|x86.ActiveCfg = Release|Any CPU
		{39264395-2BD7-40E4-9663-A84B6636376E}.Ad-Hoc|x86.Build.0 = Release|Any CPU
		{39264395-2BD7-40E4-9663-A84B6636376E}.Ad-Hoc|x86.Deploy.0 = Release|Any CPU
		{39264395-2BD7-40E4-9663-A84B6636376E}.AppStore|Any CPU.ActiveCfg = Release|Any CPU
		{39264395-2BD7-40E4-9663-A84B6636376E}.AppStore|Any CPU.Build.0 = Release|Any CPU
		{39264395-2BD7-40E4-9663-A84B6636376E}.AppStore|Any CPU.Deploy.0 = Release|Any CPU
		{39264395-2BD7-40E4-9663-A84B6636376E}.AppStore|ARM.ActiveCfg = Release|Any CPU
		{39264395-2BD7-40E4-9663-A84B6636376E}.AppStore|ARM.Build.0 = Release|Any CPU
		{39264395-2BD7-40E4-9663-A84B6636376E}.AppStore|ARM.Deploy.0 = Release|Any CPU
		{39264395-2BD7-40E4-9663-A84B6636376E}.AppStore|iPhone.ActiveCfg = Release|Any CPU
		{39264395-2BD7-40E4-9663-A84B6636376E}.AppStore|iPhone.Build.0 = Release|Any CPU
		{39264395-2BD7-40E4-9663-A84B6636376E}.AppStore|iPhone.Deploy.0 = Release|Any CPU
		{39264395-2BD7-40E4-9663-A84B6636376E}.AppStore|iPhoneSimulator.ActiveCfg = Release|Any CPU
		{39264395-2BD7-40E4-9663-A84B6636376E}.AppStore|iPhoneSimulator.Build.0 = Release|Any CPU
		{39264395-2BD7-40E4-9663-A84B6636376E}.AppStore|iPhoneSimulator.Deploy.0 = Release|Any CPU
		{39264395-2BD7-40E4-9663-A84B6636376E}.AppStore|x64.ActiveCfg = Release|Any CPU
		{39264395-2BD7-40E4-9663-A84B6636376E}.AppStore|x64.Build.0 = Release|Any CPU
		{39264395-2BD7-40E4-9663-A84B6636376E}.AppStore|x64.Deploy.0 = Release|Any CPU
		{39264395-2BD7-40E4-9663-A84B6636376E}.AppStore|x86.ActiveCfg = Release|Any CPU
		{39264395-2BD7-40E4-9663-A84B6636376E}.AppStore|x86.Build.0 = Release|Any CPU
		{39264395-2BD7-40E4-9663-A84B6636376E}.AppStore|x86.Deploy.0 = Release|Any CPU
		{39264395-2BD7-40E4-9663-A84B6636376E}.Debug|Any CPU.ActiveCfg = Debug|Any CPU
		{39264395-2BD7-40E4-9663-A84B6636376E}.Debug|Any CPU.Build.0 = Debug|Any CPU
		{39264395-2BD7-40E4-9663-A84B6636376E}.Debug|Any CPU.Deploy.0 = Debug|Any CPU
		{39264395-2BD7-40E4-9663-A84B6636376E}.Debug|ARM.ActiveCfg = Debug|Any CPU
		{39264395-2BD7-40E4-9663-A84B6636376E}.Debug|ARM.Build.0 = Debug|Any CPU
		{39264395-2BD7-40E4-9663-A84B6636376E}.Debug|ARM.Deploy.0 = Debug|Any CPU
		{39264395-2BD7-40E4-9663-A84B6636376E}.Debug|iPhone.ActiveCfg = Debug|Any CPU
		{39264395-2BD7-40E4-9663-A84B6636376E}.Debug|iPhone.Build.0 = Debug|Any CPU
		{39264395-2BD7-40E4-9663-A84B6636376E}.Debug|iPhone.Deploy.0 = Debug|Any CPU
		{39264395-2BD7-40E4-9663-A84B6636376E}.Debug|iPhoneSimulator.ActiveCfg = Debug|Any CPU
		{39264395-2BD7-40E4-9663-A84B6636376E}.Debug|x64.ActiveCfg = Debug|Any CPU
		{39264395-2BD7-40E4-9663-A84B6636376E}.Debug|x64.Build.0 = Debug|Any CPU
		{39264395-2BD7-40E4-9663-A84B6636376E}.Debug|x64.Deploy.0 = Debug|Any CPU
		{39264395-2BD7-40E4-9663-A84B6636376E}.Debug|x86.ActiveCfg = Debug|Any CPU
		{39264395-2BD7-40E4-9663-A84B6636376E}.Release|Any CPU.ActiveCfg = Release|Any CPU
		{39264395-2BD7-40E4-9663-A84B6636376E}.Release|Any CPU.Build.0 = Release|Any CPU
		{39264395-2BD7-40E4-9663-A84B6636376E}.Release|Any CPU.Deploy.0 = Release|Any CPU
		{39264395-2BD7-40E4-9663-A84B6636376E}.Release|ARM.ActiveCfg = Release|Any CPU
		{39264395-2BD7-40E4-9663-A84B6636376E}.Release|ARM.Build.0 = Release|Any CPU
		{39264395-2BD7-40E4-9663-A84B6636376E}.Release|ARM.Deploy.0 = Release|Any CPU
		{39264395-2BD7-40E4-9663-A84B6636376E}.Release|iPhone.ActiveCfg = Release|Any CPU
		{39264395-2BD7-40E4-9663-A84B6636376E}.Release|iPhone.Build.0 = Release|Any CPU
		{39264395-2BD7-40E4-9663-A84B6636376E}.Release|iPhone.Deploy.0 = Release|Any CPU
		{39264395-2BD7-40E4-9663-A84B6636376E}.Release|iPhoneSimulator.ActiveCfg = Release|Any CPU
		{39264395-2BD7-40E4-9663-A84B6636376E}.Release|iPhoneSimulator.Build.0 = Release|Any CPU
		{39264395-2BD7-40E4-9663-A84B6636376E}.Release|iPhoneSimulator.Deploy.0 = Release|Any CPU
		{39264395-2BD7-40E4-9663-A84B6636376E}.Release|x64.ActiveCfg = Release|Any CPU
		{39264395-2BD7-40E4-9663-A84B6636376E}.Release|x64.Build.0 = Release|Any CPU
		{39264395-2BD7-40E4-9663-A84B6636376E}.Release|x64.Deploy.0 = Release|Any CPU
		{39264395-2BD7-40E4-9663-A84B6636376E}.Release|x86.ActiveCfg = Release|Any CPU
		{39264395-2BD7-40E4-9663-A84B6636376E}.Release|x86.Build.0 = Release|Any CPU
		{39264395-2BD7-40E4-9663-A84B6636376E}.Release|x86.Deploy.0 = Release|Any CPU
		{22B65ADE-73F3-4A83-8333-C79D789FEED6}.Ad-Hoc|Any CPU.ActiveCfg = Ad-Hoc|iPhone
		{22B65ADE-73F3-4A83-8333-C79D789FEED6}.Ad-Hoc|Any CPU.Build.0 = Ad-Hoc|iPhone
		{22B65ADE-73F3-4A83-8333-C79D789FEED6}.Ad-Hoc|Any CPU.Deploy.0 = Ad-Hoc|iPhone
		{22B65ADE-73F3-4A83-8333-C79D789FEED6}.Ad-Hoc|ARM.ActiveCfg = Ad-Hoc|iPhone
		{22B65ADE-73F3-4A83-8333-C79D789FEED6}.Ad-Hoc|ARM.Build.0 = Ad-Hoc|iPhone
		{22B65ADE-73F3-4A83-8333-C79D789FEED6}.Ad-Hoc|ARM.Deploy.0 = Ad-Hoc|iPhone
		{22B65ADE-73F3-4A83-8333-C79D789FEED6}.Ad-Hoc|iPhone.ActiveCfg = Ad-Hoc|iPhone
		{22B65ADE-73F3-4A83-8333-C79D789FEED6}.Ad-Hoc|iPhone.Build.0 = Ad-Hoc|iPhone
		{22B65ADE-73F3-4A83-8333-C79D789FEED6}.Ad-Hoc|iPhone.Deploy.0 = Ad-Hoc|iPhone
		{22B65ADE-73F3-4A83-8333-C79D789FEED6}.Ad-Hoc|iPhoneSimulator.ActiveCfg = Ad-Hoc|iPhoneSimulator
		{22B65ADE-73F3-4A83-8333-C79D789FEED6}.Ad-Hoc|iPhoneSimulator.Build.0 = Ad-Hoc|iPhoneSimulator
		{22B65ADE-73F3-4A83-8333-C79D789FEED6}.Ad-Hoc|iPhoneSimulator.Deploy.0 = Ad-Hoc|iPhoneSimulator
		{22B65ADE-73F3-4A83-8333-C79D789FEED6}.Ad-Hoc|x64.ActiveCfg = Ad-Hoc|iPhone
		{22B65ADE-73F3-4A83-8333-C79D789FEED6}.Ad-Hoc|x64.Build.0 = Ad-Hoc|iPhone
		{22B65ADE-73F3-4A83-8333-C79D789FEED6}.Ad-Hoc|x64.Deploy.0 = Ad-Hoc|iPhone
		{22B65ADE-73F3-4A83-8333-C79D789FEED6}.Ad-Hoc|x86.ActiveCfg = Ad-Hoc|iPhone
		{22B65ADE-73F3-4A83-8333-C79D789FEED6}.Ad-Hoc|x86.Build.0 = Ad-Hoc|iPhone
		{22B65ADE-73F3-4A83-8333-C79D789FEED6}.Ad-Hoc|x86.Deploy.0 = Ad-Hoc|iPhone
		{22B65ADE-73F3-4A83-8333-C79D789FEED6}.AppStore|Any CPU.ActiveCfg = AppStore|iPhone
		{22B65ADE-73F3-4A83-8333-C79D789FEED6}.AppStore|Any CPU.Build.0 = AppStore|iPhone
		{22B65ADE-73F3-4A83-8333-C79D789FEED6}.AppStore|Any CPU.Deploy.0 = AppStore|iPhone
		{22B65ADE-73F3-4A83-8333-C79D789FEED6}.AppStore|ARM.ActiveCfg = AppStore|iPhone
		{22B65ADE-73F3-4A83-8333-C79D789FEED6}.AppStore|ARM.Build.0 = AppStore|iPhone
		{22B65ADE-73F3-4A83-8333-C79D789FEED6}.AppStore|ARM.Deploy.0 = AppStore|iPhone
		{22B65ADE-73F3-4A83-8333-C79D789FEED6}.AppStore|iPhone.ActiveCfg = AppStore|iPhone
		{22B65ADE-73F3-4A83-8333-C79D789FEED6}.AppStore|iPhone.Build.0 = AppStore|iPhone
		{22B65ADE-73F3-4A83-8333-C79D789FEED6}.AppStore|iPhone.Deploy.0 = AppStore|iPhone
		{22B65ADE-73F3-4A83-8333-C79D789FEED6}.AppStore|iPhoneSimulator.ActiveCfg = AppStore|iPhoneSimulator
		{22B65ADE-73F3-4A83-8333-C79D789FEED6}.AppStore|iPhoneSimulator.Build.0 = AppStore|iPhoneSimulator
		{22B65ADE-73F3-4A83-8333-C79D789FEED6}.AppStore|iPhoneSimulator.Deploy.0 = AppStore|iPhoneSimulator
		{22B65ADE-73F3-4A83-8333-C79D789FEED6}.AppStore|x64.ActiveCfg = AppStore|iPhone
		{22B65ADE-73F3-4A83-8333-C79D789FEED6}.AppStore|x64.Build.0 = AppStore|iPhone
		{22B65ADE-73F3-4A83-8333-C79D789FEED6}.AppStore|x64.Deploy.0 = AppStore|iPhone
		{22B65ADE-73F3-4A83-8333-C79D789FEED6}.AppStore|x86.ActiveCfg = AppStore|iPhone
		{22B65ADE-73F3-4A83-8333-C79D789FEED6}.AppStore|x86.Build.0 = AppStore|iPhone
		{22B65ADE-73F3-4A83-8333-C79D789FEED6}.AppStore|x86.Deploy.0 = AppStore|iPhone
		{22B65ADE-73F3-4A83-8333-C79D789FEED6}.Debug|Any CPU.ActiveCfg = Debug|iPhoneSimulator
		{22B65ADE-73F3-4A83-8333-C79D789FEED6}.Debug|Any CPU.Deploy.0 = Debug|iPhoneSimulator
		{22B65ADE-73F3-4A83-8333-C79D789FEED6}.Debug|ARM.ActiveCfg = Debug|iPhone
		{22B65ADE-73F3-4A83-8333-C79D789FEED6}.Debug|ARM.Build.0 = Debug|iPhone
		{22B65ADE-73F3-4A83-8333-C79D789FEED6}.Debug|ARM.Deploy.0 = Debug|iPhone
		{22B65ADE-73F3-4A83-8333-C79D789FEED6}.Debug|iPhone.ActiveCfg = Debug|iPhone
		{22B65ADE-73F3-4A83-8333-C79D789FEED6}.Debug|iPhone.Build.0 = Debug|iPhone
		{22B65ADE-73F3-4A83-8333-C79D789FEED6}.Debug|iPhone.Deploy.0 = Debug|iPhone
		{22B65ADE-73F3-4A83-8333-C79D789FEED6}.Debug|iPhoneSimulator.ActiveCfg = Debug|iPhoneSimulator
		{22B65ADE-73F3-4A83-8333-C79D789FEED6}.Debug|iPhoneSimulator.Build.0 = Debug|iPhoneSimulator
		{22B65ADE-73F3-4A83-8333-C79D789FEED6}.Debug|iPhoneSimulator.Deploy.0 = Debug|iPhoneSimulator
		{22B65ADE-73F3-4A83-8333-C79D789FEED6}.Debug|x64.ActiveCfg = Debug|iPhone
		{22B65ADE-73F3-4A83-8333-C79D789FEED6}.Debug|x64.Build.0 = Debug|iPhone
		{22B65ADE-73F3-4A83-8333-C79D789FEED6}.Debug|x64.Deploy.0 = Debug|iPhone
		{22B65ADE-73F3-4A83-8333-C79D789FEED6}.Debug|x86.ActiveCfg = Debug|iPhone
		{22B65ADE-73F3-4A83-8333-C79D789FEED6}.Debug|x86.Deploy.0 = Debug|iPhone
		{22B65ADE-73F3-4A83-8333-C79D789FEED6}.Release|Any CPU.ActiveCfg = Release|iPhone
		{22B65ADE-73F3-4A83-8333-C79D789FEED6}.Release|Any CPU.Build.0 = Release|iPhone
		{22B65ADE-73F3-4A83-8333-C79D789FEED6}.Release|Any CPU.Deploy.0 = Release|iPhone
		{22B65ADE-73F3-4A83-8333-C79D789FEED6}.Release|ARM.ActiveCfg = Release|iPhone
		{22B65ADE-73F3-4A83-8333-C79D789FEED6}.Release|ARM.Build.0 = Release|iPhone
		{22B65ADE-73F3-4A83-8333-C79D789FEED6}.Release|ARM.Deploy.0 = Release|iPhone
		{22B65ADE-73F3-4A83-8333-C79D789FEED6}.Release|iPhone.ActiveCfg = Release|iPhone
		{22B65ADE-73F3-4A83-8333-C79D789FEED6}.Release|iPhone.Build.0 = Release|iPhone
		{22B65ADE-73F3-4A83-8333-C79D789FEED6}.Release|iPhone.Deploy.0 = Release|iPhone
		{22B65ADE-73F3-4A83-8333-C79D789FEED6}.Release|iPhoneSimulator.ActiveCfg = Release|iPhoneSimulator
		{22B65ADE-73F3-4A83-8333-C79D789FEED6}.Release|iPhoneSimulator.Build.0 = Release|iPhoneSimulator
		{22B65ADE-73F3-4A83-8333-C79D789FEED6}.Release|iPhoneSimulator.Deploy.0 = Release|iPhoneSimulator
		{22B65ADE-73F3-4A83-8333-C79D789FEED6}.Release|x64.ActiveCfg = Release|iPhone
		{22B65ADE-73F3-4A83-8333-C79D789FEED6}.Release|x64.Build.0 = Release|iPhone
		{22B65ADE-73F3-4A83-8333-C79D789FEED6}.Release|x64.Deploy.0 = Release|iPhone
		{22B65ADE-73F3-4A83-8333-C79D789FEED6}.Release|x86.ActiveCfg = Release|iPhone
		{22B65ADE-73F3-4A83-8333-C79D789FEED6}.Release|x86.Build.0 = Release|iPhone
		{22B65ADE-73F3-4A83-8333-C79D789FEED6}.Release|x86.Deploy.0 = Release|iPhone
		{55007616-DDF3-40CB-AC21-07277B27EFCB}.Ad-Hoc|Any CPU.ActiveCfg = Release|x86
		{55007616-DDF3-40CB-AC21-07277B27EFCB}.Ad-Hoc|Any CPU.Build.0 = Release|x86
		{55007616-DDF3-40CB-AC21-07277B27EFCB}.Ad-Hoc|Any CPU.Deploy.0 = Release|x86
		{55007616-DDF3-40CB-AC21-07277B27EFCB}.Ad-Hoc|ARM.ActiveCfg = Release|ARM
		{55007616-DDF3-40CB-AC21-07277B27EFCB}.Ad-Hoc|ARM.Build.0 = Release|ARM
		{55007616-DDF3-40CB-AC21-07277B27EFCB}.Ad-Hoc|ARM.Deploy.0 = Release|ARM
		{55007616-DDF3-40CB-AC21-07277B27EFCB}.Ad-Hoc|iPhone.ActiveCfg = Release|x86
		{55007616-DDF3-40CB-AC21-07277B27EFCB}.Ad-Hoc|iPhone.Build.0 = Release|x86
		{55007616-DDF3-40CB-AC21-07277B27EFCB}.Ad-Hoc|iPhone.Deploy.0 = Release|x86
		{55007616-DDF3-40CB-AC21-07277B27EFCB}.Ad-Hoc|iPhoneSimulator.ActiveCfg = Release|x86
		{55007616-DDF3-40CB-AC21-07277B27EFCB}.Ad-Hoc|iPhoneSimulator.Build.0 = Release|x86
		{55007616-DDF3-40CB-AC21-07277B27EFCB}.Ad-Hoc|iPhoneSimulator.Deploy.0 = Release|x86
		{55007616-DDF3-40CB-AC21-07277B27EFCB}.Ad-Hoc|x64.ActiveCfg = Release|x64
		{55007616-DDF3-40CB-AC21-07277B27EFCB}.Ad-Hoc|x64.Build.0 = Release|x64
		{55007616-DDF3-40CB-AC21-07277B27EFCB}.Ad-Hoc|x64.Deploy.0 = Release|x64
		{55007616-DDF3-40CB-AC21-07277B27EFCB}.Ad-Hoc|x86.ActiveCfg = Release|x86
		{55007616-DDF3-40CB-AC21-07277B27EFCB}.Ad-Hoc|x86.Build.0 = Release|x86
		{55007616-DDF3-40CB-AC21-07277B27EFCB}.Ad-Hoc|x86.Deploy.0 = Release|x86
		{55007616-DDF3-40CB-AC21-07277B27EFCB}.AppStore|Any CPU.ActiveCfg = Release|x86
		{55007616-DDF3-40CB-AC21-07277B27EFCB}.AppStore|Any CPU.Build.0 = Release|x86
		{55007616-DDF3-40CB-AC21-07277B27EFCB}.AppStore|Any CPU.Deploy.0 = Release|x86
		{55007616-DDF3-40CB-AC21-07277B27EFCB}.AppStore|ARM.ActiveCfg = Release|ARM
		{55007616-DDF3-40CB-AC21-07277B27EFCB}.AppStore|ARM.Build.0 = Release|ARM
		{55007616-DDF3-40CB-AC21-07277B27EFCB}.AppStore|ARM.Deploy.0 = Release|ARM
		{55007616-DDF3-40CB-AC21-07277B27EFCB}.AppStore|iPhone.ActiveCfg = Release|x86
		{55007616-DDF3-40CB-AC21-07277B27EFCB}.AppStore|iPhone.Build.0 = Release|x86
		{55007616-DDF3-40CB-AC21-07277B27EFCB}.AppStore|iPhone.Deploy.0 = Release|x86
		{55007616-DDF3-40CB-AC21-07277B27EFCB}.AppStore|iPhoneSimulator.ActiveCfg = Release|x86
		{55007616-DDF3-40CB-AC21-07277B27EFCB}.AppStore|iPhoneSimulator.Build.0 = Release|x86
		{55007616-DDF3-40CB-AC21-07277B27EFCB}.AppStore|iPhoneSimulator.Deploy.0 = Release|x86
		{55007616-DDF3-40CB-AC21-07277B27EFCB}.AppStore|x64.ActiveCfg = Release|x64
		{55007616-DDF3-40CB-AC21-07277B27EFCB}.AppStore|x64.Build.0 = Release|x64
		{55007616-DDF3-40CB-AC21-07277B27EFCB}.AppStore|x64.Deploy.0 = Release|x64
		{55007616-DDF3-40CB-AC21-07277B27EFCB}.AppStore|x86.ActiveCfg = Release|x86
		{55007616-DDF3-40CB-AC21-07277B27EFCB}.AppStore|x86.Build.0 = Release|x86
		{55007616-DDF3-40CB-AC21-07277B27EFCB}.AppStore|x86.Deploy.0 = Release|x86
		{55007616-DDF3-40CB-AC21-07277B27EFCB}.Debug|Any CPU.ActiveCfg = Debug|x86
		{55007616-DDF3-40CB-AC21-07277B27EFCB}.Debug|ARM.ActiveCfg = Debug|ARM
		{55007616-DDF3-40CB-AC21-07277B27EFCB}.Debug|ARM.Build.0 = Debug|ARM
		{55007616-DDF3-40CB-AC21-07277B27EFCB}.Debug|ARM.Deploy.0 = Debug|ARM
		{55007616-DDF3-40CB-AC21-07277B27EFCB}.Debug|iPhone.ActiveCfg = Debug|x86
		{55007616-DDF3-40CB-AC21-07277B27EFCB}.Debug|iPhone.Build.0 = Debug|x86
		{55007616-DDF3-40CB-AC21-07277B27EFCB}.Debug|iPhone.Deploy.0 = Debug|x86
		{55007616-DDF3-40CB-AC21-07277B27EFCB}.Debug|iPhoneSimulator.ActiveCfg = Debug|x86
		{55007616-DDF3-40CB-AC21-07277B27EFCB}.Debug|x64.ActiveCfg = Debug|x64
		{55007616-DDF3-40CB-AC21-07277B27EFCB}.Debug|x64.Build.0 = Debug|x64
		{55007616-DDF3-40CB-AC21-07277B27EFCB}.Debug|x64.Deploy.0 = Debug|x64
		{55007616-DDF3-40CB-AC21-07277B27EFCB}.Debug|x86.ActiveCfg = Debug|x86
		{55007616-DDF3-40CB-AC21-07277B27EFCB}.Debug|x86.Build.0 = Debug|x86
		{55007616-DDF3-40CB-AC21-07277B27EFCB}.Debug|x86.Deploy.0 = Debug|x86
		{55007616-DDF3-40CB-AC21-07277B27EFCB}.Release|Any CPU.ActiveCfg = Release|x86
		{55007616-DDF3-40CB-AC21-07277B27EFCB}.Release|Any CPU.Build.0 = Release|x86
		{55007616-DDF3-40CB-AC21-07277B27EFCB}.Release|Any CPU.Deploy.0 = Release|x86
		{55007616-DDF3-40CB-AC21-07277B27EFCB}.Release|ARM.ActiveCfg = Release|ARM
		{55007616-DDF3-40CB-AC21-07277B27EFCB}.Release|ARM.Build.0 = Release|ARM
		{55007616-DDF3-40CB-AC21-07277B27EFCB}.Release|ARM.Deploy.0 = Release|ARM
		{55007616-DDF3-40CB-AC21-07277B27EFCB}.Release|iPhone.ActiveCfg = Release|x86
		{55007616-DDF3-40CB-AC21-07277B27EFCB}.Release|iPhone.Build.0 = Release|x86
		{55007616-DDF3-40CB-AC21-07277B27EFCB}.Release|iPhone.Deploy.0 = Release|x86
		{55007616-DDF3-40CB-AC21-07277B27EFCB}.Release|iPhoneSimulator.ActiveCfg = Release|x86
		{55007616-DDF3-40CB-AC21-07277B27EFCB}.Release|iPhoneSimulator.Build.0 = Release|x86
		{55007616-DDF3-40CB-AC21-07277B27EFCB}.Release|iPhoneSimulator.Deploy.0 = Release|x86
		{55007616-DDF3-40CB-AC21-07277B27EFCB}.Release|x64.ActiveCfg = Release|x64
		{55007616-DDF3-40CB-AC21-07277B27EFCB}.Release|x64.Build.0 = Release|x64
		{55007616-DDF3-40CB-AC21-07277B27EFCB}.Release|x64.Deploy.0 = Release|x64
		{55007616-DDF3-40CB-AC21-07277B27EFCB}.Release|x86.ActiveCfg = Release|x86
		{55007616-DDF3-40CB-AC21-07277B27EFCB}.Release|x86.Build.0 = Release|x86
		{55007616-DDF3-40CB-AC21-07277B27EFCB}.Release|x86.Deploy.0 = Release|x86
		{0302FEBE-33C3-4E8E-BE59-F5893328CF8B}.Ad-Hoc|Any CPU.ActiveCfg = Debug|Any CPU
		{0302FEBE-33C3-4E8E-BE59-F5893328CF8B}.Ad-Hoc|Any CPU.Build.0 = Debug|Any CPU
		{0302FEBE-33C3-4E8E-BE59-F5893328CF8B}.Ad-Hoc|Any CPU.Deploy.0 = Debug|Any CPU
		{0302FEBE-33C3-4E8E-BE59-F5893328CF8B}.Ad-Hoc|ARM.ActiveCfg = Debug|Any CPU
		{0302FEBE-33C3-4E8E-BE59-F5893328CF8B}.Ad-Hoc|ARM.Build.0 = Debug|Any CPU
		{0302FEBE-33C3-4E8E-BE59-F5893328CF8B}.Ad-Hoc|ARM.Deploy.0 = Debug|Any CPU
		{0302FEBE-33C3-4E8E-BE59-F5893328CF8B}.Ad-Hoc|iPhone.ActiveCfg = Debug|Any CPU
		{0302FEBE-33C3-4E8E-BE59-F5893328CF8B}.Ad-Hoc|iPhone.Build.0 = Debug|Any CPU
		{0302FEBE-33C3-4E8E-BE59-F5893328CF8B}.Ad-Hoc|iPhone.Deploy.0 = Debug|Any CPU
		{0302FEBE-33C3-4E8E-BE59-F5893328CF8B}.Ad-Hoc|iPhoneSimulator.ActiveCfg = Debug|Any CPU
		{0302FEBE-33C3-4E8E-BE59-F5893328CF8B}.Ad-Hoc|iPhoneSimulator.Build.0 = Debug|Any CPU
		{0302FEBE-33C3-4E8E-BE59-F5893328CF8B}.Ad-Hoc|iPhoneSimulator.Deploy.0 = Debug|Any CPU
		{0302FEBE-33C3-4E8E-BE59-F5893328CF8B}.Ad-Hoc|x64.ActiveCfg = Debug|Any CPU
		{0302FEBE-33C3-4E8E-BE59-F5893328CF8B}.Ad-Hoc|x64.Build.0 = Debug|Any CPU
		{0302FEBE-33C3-4E8E-BE59-F5893328CF8B}.Ad-Hoc|x64.Deploy.0 = Debug|Any CPU
		{0302FEBE-33C3-4E8E-BE59-F5893328CF8B}.Ad-Hoc|x86.ActiveCfg = Debug|Any CPU
		{0302FEBE-33C3-4E8E-BE59-F5893328CF8B}.Ad-Hoc|x86.Build.0 = Debug|Any CPU
		{0302FEBE-33C3-4E8E-BE59-F5893328CF8B}.Ad-Hoc|x86.Deploy.0 = Debug|Any CPU
		{0302FEBE-33C3-4E8E-BE59-F5893328CF8B}.AppStore|Any CPU.ActiveCfg = Debug|Any CPU
		{0302FEBE-33C3-4E8E-BE59-F5893328CF8B}.AppStore|Any CPU.Build.0 = Debug|Any CPU
		{0302FEBE-33C3-4E8E-BE59-F5893328CF8B}.AppStore|Any CPU.Deploy.0 = Debug|Any CPU
		{0302FEBE-33C3-4E8E-BE59-F5893328CF8B}.AppStore|ARM.ActiveCfg = Debug|Any CPU
		{0302FEBE-33C3-4E8E-BE59-F5893328CF8B}.AppStore|ARM.Build.0 = Debug|Any CPU
		{0302FEBE-33C3-4E8E-BE59-F5893328CF8B}.AppStore|ARM.Deploy.0 = Debug|Any CPU
		{0302FEBE-33C3-4E8E-BE59-F5893328CF8B}.AppStore|iPhone.ActiveCfg = Debug|Any CPU
		{0302FEBE-33C3-4E8E-BE59-F5893328CF8B}.AppStore|iPhone.Build.0 = Debug|Any CPU
		{0302FEBE-33C3-4E8E-BE59-F5893328CF8B}.AppStore|iPhone.Deploy.0 = Debug|Any CPU
		{0302FEBE-33C3-4E8E-BE59-F5893328CF8B}.AppStore|iPhoneSimulator.ActiveCfg = Debug|Any CPU
		{0302FEBE-33C3-4E8E-BE59-F5893328CF8B}.AppStore|iPhoneSimulator.Build.0 = Debug|Any CPU
		{0302FEBE-33C3-4E8E-BE59-F5893328CF8B}.AppStore|iPhoneSimulator.Deploy.0 = Debug|Any CPU
		{0302FEBE-33C3-4E8E-BE59-F5893328CF8B}.AppStore|x64.ActiveCfg = Debug|Any CPU
		{0302FEBE-33C3-4E8E-BE59-F5893328CF8B}.AppStore|x64.Build.0 = Debug|Any CPU
		{0302FEBE-33C3-4E8E-BE59-F5893328CF8B}.AppStore|x64.Deploy.0 = Debug|Any CPU
		{0302FEBE-33C3-4E8E-BE59-F5893328CF8B}.AppStore|x86.ActiveCfg = Debug|Any CPU
		{0302FEBE-33C3-4E8E-BE59-F5893328CF8B}.AppStore|x86.Build.0 = Debug|Any CPU
		{0302FEBE-33C3-4E8E-BE59-F5893328CF8B}.AppStore|x86.Deploy.0 = Debug|Any CPU
		{0302FEBE-33C3-4E8E-BE59-F5893328CF8B}.Debug|Any CPU.ActiveCfg = Debug|Any CPU
		{0302FEBE-33C3-4E8E-BE59-F5893328CF8B}.Debug|Any CPU.Build.0 = Debug|Any CPU
		{0302FEBE-33C3-4E8E-BE59-F5893328CF8B}.Debug|Any CPU.Deploy.0 = Debug|Any CPU
		{0302FEBE-33C3-4E8E-BE59-F5893328CF8B}.Debug|ARM.ActiveCfg = Debug|Any CPU
		{0302FEBE-33C3-4E8E-BE59-F5893328CF8B}.Debug|ARM.Build.0 = Debug|Any CPU
		{0302FEBE-33C3-4E8E-BE59-F5893328CF8B}.Debug|ARM.Deploy.0 = Debug|Any CPU
		{0302FEBE-33C3-4E8E-BE59-F5893328CF8B}.Debug|iPhone.ActiveCfg = Debug|Any CPU
		{0302FEBE-33C3-4E8E-BE59-F5893328CF8B}.Debug|iPhone.Build.0 = Debug|Any CPU
		{0302FEBE-33C3-4E8E-BE59-F5893328CF8B}.Debug|iPhone.Deploy.0 = Debug|Any CPU
		{0302FEBE-33C3-4E8E-BE59-F5893328CF8B}.Debug|iPhoneSimulator.ActiveCfg = Debug|Any CPU
		{0302FEBE-33C3-4E8E-BE59-F5893328CF8B}.Debug|iPhoneSimulator.Build.0 = Debug|Any CPU
		{0302FEBE-33C3-4E8E-BE59-F5893328CF8B}.Debug|iPhoneSimulator.Deploy.0 = Debug|Any CPU
		{0302FEBE-33C3-4E8E-BE59-F5893328CF8B}.Debug|x64.ActiveCfg = Debug|Any CPU
		{0302FEBE-33C3-4E8E-BE59-F5893328CF8B}.Debug|x64.Build.0 = Debug|Any CPU
		{0302FEBE-33C3-4E8E-BE59-F5893328CF8B}.Debug|x64.Deploy.0 = Debug|Any CPU
		{0302FEBE-33C3-4E8E-BE59-F5893328CF8B}.Debug|x86.ActiveCfg = Debug|Any CPU
		{0302FEBE-33C3-4E8E-BE59-F5893328CF8B}.Debug|x86.Build.0 = Debug|Any CPU
		{0302FEBE-33C3-4E8E-BE59-F5893328CF8B}.Debug|x86.Deploy.0 = Debug|Any CPU
		{0302FEBE-33C3-4E8E-BE59-F5893328CF8B}.Release|Any CPU.ActiveCfg = Release|Any CPU
		{0302FEBE-33C3-4E8E-BE59-F5893328CF8B}.Release|Any CPU.Build.0 = Release|Any CPU
		{0302FEBE-33C3-4E8E-BE59-F5893328CF8B}.Release|Any CPU.Deploy.0 = Release|Any CPU
		{0302FEBE-33C3-4E8E-BE59-F5893328CF8B}.Release|ARM.ActiveCfg = Release|Any CPU
		{0302FEBE-33C3-4E8E-BE59-F5893328CF8B}.Release|ARM.Build.0 = Release|Any CPU
		{0302FEBE-33C3-4E8E-BE59-F5893328CF8B}.Release|ARM.Deploy.0 = Release|Any CPU
		{0302FEBE-33C3-4E8E-BE59-F5893328CF8B}.Release|iPhone.ActiveCfg = Release|Any CPU
		{0302FEBE-33C3-4E8E-BE59-F5893328CF8B}.Release|iPhone.Build.0 = Release|Any CPU
		{0302FEBE-33C3-4E8E-BE59-F5893328CF8B}.Release|iPhone.Deploy.0 = Release|Any CPU
		{0302FEBE-33C3-4E8E-BE59-F5893328CF8B}.Release|iPhoneSimulator.ActiveCfg = Release|Any CPU
		{0302FEBE-33C3-4E8E-BE59-F5893328CF8B}.Release|iPhoneSimulator.Build.0 = Release|Any CPU
		{0302FEBE-33C3-4E8E-BE59-F5893328CF8B}.Release|iPhoneSimulator.Deploy.0 = Release|Any CPU
		{0302FEBE-33C3-4E8E-BE59-F5893328CF8B}.Release|x64.ActiveCfg = Release|Any CPU
		{0302FEBE-33C3-4E8E-BE59-F5893328CF8B}.Release|x64.Build.0 = Release|Any CPU
		{0302FEBE-33C3-4E8E-BE59-F5893328CF8B}.Release|x64.Deploy.0 = Release|Any CPU
		{0302FEBE-33C3-4E8E-BE59-F5893328CF8B}.Release|x86.ActiveCfg = Release|Any CPU
		{0302FEBE-33C3-4E8E-BE59-F5893328CF8B}.Release|x86.Build.0 = Release|Any CPU
		{0302FEBE-33C3-4E8E-BE59-F5893328CF8B}.Release|x86.Deploy.0 = Release|Any CPU
		{5B937014-A01B-437C-B11E-9E5E717B227F}.Ad-Hoc|Any CPU.ActiveCfg = Debug|Any CPU
		{5B937014-A01B-437C-B11E-9E5E717B227F}.Ad-Hoc|Any CPU.Build.0 = Debug|Any CPU
		{5B937014-A01B-437C-B11E-9E5E717B227F}.Ad-Hoc|ARM.ActiveCfg = Debug|Any CPU
		{5B937014-A01B-437C-B11E-9E5E717B227F}.Ad-Hoc|ARM.Build.0 = Debug|Any CPU
		{5B937014-A01B-437C-B11E-9E5E717B227F}.Ad-Hoc|iPhone.ActiveCfg = Debug|Any CPU
		{5B937014-A01B-437C-B11E-9E5E717B227F}.Ad-Hoc|iPhone.Build.0 = Debug|Any CPU
		{5B937014-A01B-437C-B11E-9E5E717B227F}.Ad-Hoc|iPhoneSimulator.ActiveCfg = Debug|Any CPU
		{5B937014-A01B-437C-B11E-9E5E717B227F}.Ad-Hoc|iPhoneSimulator.Build.0 = Debug|Any CPU
		{5B937014-A01B-437C-B11E-9E5E717B227F}.Ad-Hoc|x64.ActiveCfg = Debug|Any CPU
		{5B937014-A01B-437C-B11E-9E5E717B227F}.Ad-Hoc|x64.Build.0 = Debug|Any CPU
		{5B937014-A01B-437C-B11E-9E5E717B227F}.Ad-Hoc|x86.ActiveCfg = Debug|Any CPU
		{5B937014-A01B-437C-B11E-9E5E717B227F}.Ad-Hoc|x86.Build.0 = Debug|Any CPU
		{5B937014-A01B-437C-B11E-9E5E717B227F}.AppStore|Any CPU.ActiveCfg = Debug|Any CPU
		{5B937014-A01B-437C-B11E-9E5E717B227F}.AppStore|Any CPU.Build.0 = Debug|Any CPU
		{5B937014-A01B-437C-B11E-9E5E717B227F}.AppStore|ARM.ActiveCfg = Debug|Any CPU
		{5B937014-A01B-437C-B11E-9E5E717B227F}.AppStore|ARM.Build.0 = Debug|Any CPU
		{5B937014-A01B-437C-B11E-9E5E717B227F}.AppStore|iPhone.ActiveCfg = Debug|Any CPU
		{5B937014-A01B-437C-B11E-9E5E717B227F}.AppStore|iPhone.Build.0 = Debug|Any CPU
		{5B937014-A01B-437C-B11E-9E5E717B227F}.AppStore|iPhoneSimulator.ActiveCfg = Debug|Any CPU
		{5B937014-A01B-437C-B11E-9E5E717B227F}.AppStore|iPhoneSimulator.Build.0 = Debug|Any CPU
		{5B937014-A01B-437C-B11E-9E5E717B227F}.AppStore|x64.ActiveCfg = Debug|Any CPU
		{5B937014-A01B-437C-B11E-9E5E717B227F}.AppStore|x64.Build.0 = Debug|Any CPU
		{5B937014-A01B-437C-B11E-9E5E717B227F}.AppStore|x86.ActiveCfg = Debug|Any CPU
		{5B937014-A01B-437C-B11E-9E5E717B227F}.AppStore|x86.Build.0 = Debug|Any CPU
		{5B937014-A01B-437C-B11E-9E5E717B227F}.Debug|Any CPU.ActiveCfg = Debug|Any CPU
		{5B937014-A01B-437C-B11E-9E5E717B227F}.Debug|Any CPU.Build.0 = Debug|Any CPU
		{5B937014-A01B-437C-B11E-9E5E717B227F}.Debug|ARM.ActiveCfg = Debug|Any CPU
		{5B937014-A01B-437C-B11E-9E5E717B227F}.Debug|ARM.Build.0 = Debug|Any CPU
		{5B937014-A01B-437C-B11E-9E5E717B227F}.Debug|iPhone.ActiveCfg = Debug|Any CPU
		{5B937014-A01B-437C-B11E-9E5E717B227F}.Debug|iPhone.Build.0 = Debug|Any CPU
		{5B937014-A01B-437C-B11E-9E5E717B227F}.Debug|iPhoneSimulator.ActiveCfg = Debug|Any CPU
		{5B937014-A01B-437C-B11E-9E5E717B227F}.Debug|iPhoneSimulator.Build.0 = Debug|Any CPU
		{5B937014-A01B-437C-B11E-9E5E717B227F}.Debug|x64.ActiveCfg = Debug|Any CPU
		{5B937014-A01B-437C-B11E-9E5E717B227F}.Debug|x64.Build.0 = Debug|Any CPU
		{5B937014-A01B-437C-B11E-9E5E717B227F}.Debug|x86.ActiveCfg = Debug|Any CPU
		{5B937014-A01B-437C-B11E-9E5E717B227F}.Debug|x86.Build.0 = Debug|Any CPU
		{5B937014-A01B-437C-B11E-9E5E717B227F}.Release|Any CPU.ActiveCfg = Release|Any CPU
		{5B937014-A01B-437C-B11E-9E5E717B227F}.Release|Any CPU.Build.0 = Release|Any CPU
		{5B937014-A01B-437C-B11E-9E5E717B227F}.Release|ARM.ActiveCfg = Release|Any CPU
		{5B937014-A01B-437C-B11E-9E5E717B227F}.Release|ARM.Build.0 = Release|Any CPU
		{5B937014-A01B-437C-B11E-9E5E717B227F}.Release|iPhone.ActiveCfg = Release|Any CPU
		{5B937014-A01B-437C-B11E-9E5E717B227F}.Release|iPhone.Build.0 = Release|Any CPU
		{5B937014-A01B-437C-B11E-9E5E717B227F}.Release|iPhoneSimulator.ActiveCfg = Release|Any CPU
		{5B937014-A01B-437C-B11E-9E5E717B227F}.Release|iPhoneSimulator.Build.0 = Release|Any CPU
		{5B937014-A01B-437C-B11E-9E5E717B227F}.Release|x64.ActiveCfg = Release|Any CPU
		{5B937014-A01B-437C-B11E-9E5E717B227F}.Release|x64.Build.0 = Release|Any CPU
		{5B937014-A01B-437C-B11E-9E5E717B227F}.Release|x86.ActiveCfg = Release|Any CPU
		{5B937014-A01B-437C-B11E-9E5E717B227F}.Release|x86.Build.0 = Release|Any CPU
	EndGlobalSection
	GlobalSection(SolutionProperties) = preSolution
		HideSolutionNode = FALSE
	EndGlobalSection
	GlobalSection(ExtensibilityGlobals) = postSolution
		SolutionGuid = {323FBFA6-0BC0-4436-8F40-DB6097E745AD}
	EndGlobalSection
EndGlobal
